lockfileVersion: '6.0'

settings:
  autoInstallPeers: true
  excludeLinksFromLockfile: false

dependencies:
  '@t3-oss/env-core':
    specifier: ^0.7.0
    version: 0.7.0(typescript@5.2.2)(zod@3.22.4)
  zod:
    specifier: ^3.22.4
    version: 3.22.4

devDependencies:
  '@types/node':
    specifier: ^20.8.3
    version: 20.8.3
  bun-types:
    specifier: latest
    version: 0.8.1
  typescript:
    specifier: ^5.2.2
    version: 5.2.2

packages:

  /@t3-oss/env-core@0.7.0(typescript@5.2.2)(zod@3.22.4):
    resolution: {integrity: sha512-cgunN82CqgQOOyuMOK/bGtujX5/ooXQTwGMJVWI6mCowq6WE5EgRLOqF/DRcrElI0gSFGA9i9GrxzCnk73HZLQ==}
    peerDependencies:
      typescript: '>=4.7.2'
      zod: ^3.0.0
    peerDependenciesMeta:
      typescript:
        optional: true
    dependencies:
      typescript: 5.2.2
      zod: 3.22.4
    dev: false

  /@types/node@20.8.3:
    resolution: {integrity: sha512-jxiZQFpb+NlH5kjW49vXxvxTjeeqlbsnTAdBTKpzEdPs9itay7MscYXz3Fo9VYFEsfQ6LJFitHad3faerLAjCw==}
    dev: true

  /bun-types@0.8.1:
    resolution: {integrity: sha512-VuCBox66P/3a8gVOffLCWIS6vdpXq4y3eJuF3VnsyC5HpykmIjkcr5wYDn22qQdeTUmOfCcBy1SZmtrZCeUr3A==}
    dev: true

  /typescript@5.2.2:
    resolution: {integrity: sha512-mI4WrpHsbCIcwT9cF4FZvr80QUeKvsUsUvKDoR+X/7XHQH98xYD8YHZg7ANtz2GtZt/CBq2QJ0thkGJMHfqc1w==}
    engines: {node: '>=14.17'}
    hasBin: true

  /zod@3.22.4:
    resolution: {integrity: sha512-iC+8Io04lddc+mVqQ9AZ7OQ2MrUKGN+oIQyq1vemgt46jwCwLfhq7/pwnBnNXXXZb8VTVLKwp9EDkx+ryxIWmg==}
    dev: false
