lockfileVersion: '6.0'

settings:
  autoInstallPeers: true
  excludeLinksFromLockfile: false

dependencies:
  '@t3-oss/env-core':
    specifier: ^0.6.1
    version: 0.6.1(typescript@5.2.2)(zod@3.22.2)
  zod:
    specifier: ^3.22.2
    version: 3.22.2

devDependencies:
  '@types/node':
    specifier: ^20.5.6
    version: 20.5.6
  bun-types:
    specifier: latest
    version: 0.8.1
  typescript:
    specifier: ^5.2.2
    version: 5.2.2

packages:

  /@t3-oss/env-core@0.6.1(typescript@5.2.2)(zod@3.22.2):
    resolution: {integrity: sha512-KQD7qEDJtkWIWWmTVjNvk0wnHpkvAQ6CRbUxbWMFNG/fiosBQDQvtRpBNu6USxBscJCoC4z6y7P9MN52/mLOzw==}
    peerDependencies:
      typescript: '>=4.7.2'
      zod: ^3.0.0
    dependencies:
      typescript: 5.2.2
      zod: 3.22.2
    dev: false

  /@types/node@20.5.6:
    resolution: {integrity: sha512-Gi5wRGPbbyOTX+4Y2iULQ27oUPrefaB0PxGQJnfyWN3kvEDGM3mIB5M/gQLmitZf7A9FmLeaqxD3L1CXpm3VKQ==}
    dev: true

  /bun-types@0.8.1:
    resolution: {integrity: sha512-VuCBox66P/3a8gVOffLCWIS6vdpXq4y3eJuF3VnsyC5HpykmIjkcr5wYDn22qQdeTUmOfCcBy1SZmtrZCeUr3A==}
    dev: true

  /typescript@5.2.2:
    resolution: {integrity: sha512-mI4WrpHsbCIcwT9cF4FZvr80QUeKvsUsUvKDoR+X/7XHQH98xYD8YHZg7ANtz2GtZt/CBq2QJ0thkGJMHfqc1w==}
    engines: {node: '>=14.17'}
    hasBin: true

  /zod@3.22.2:
    resolution: {integrity: sha512-wvWkphh5WQsJbVk1tbx1l1Ly4yg+XecD+Mq280uBGt9wa5BKSWf4Mhp6GmrkPixhMxmabYY7RbzlwVP32pbGCg==}
    dev: false
